
Microsoft Visual Studio Solution File, Format Version 12.00
# Visual Studio Version 17
VisualStudioVersion = 17.10.34916.146
MinimumVisualStudioVersion = 10.0.40219.1
Project("{FAE04EC0-301F-11D3-BF4B-00C04F79EFBC}") = "Notifications", "Notifications.csproj", "{8148EED6-70A7-446C-B97D-8C6D0103C1E7}"
EndProject
Global
	GlobalSection(SolutionConfigurationPlatforms) = preSolution
		Debug|Any CPU = Debug|Any CPU
		Release|Any CPU = Release|Any CPU
	EndGlobalSection
	GlobalSection(ProjectConfigurationPlatforms) = postSolution
		{8148EED6-70A7-446C-B97D-8C6D0103C1E7}.Debug|Any CPU.ActiveCfg = Debug|Any CPU
		{8148EED6-70A7-446C-B97D-8C6D0103C1E7}.Debug|Any CPU.Build.0 = Debug|Any CPU
		{8148EED6-70A7-446C-B97D-8C6D0103C1E7}.Release|Any CPU.ActiveCfg = Release|Any CPU
		{8148EED6-70A7-446C-B97D-8C6D0103C1E7}.Release|Any CPU.Build.0 = Release|Any CPU
	EndGlobalSection
	GlobalSection(SolutionProperties) = preSolution
		HideSolutionNode = FALSE
	EndGlobalSection
	GlobalSection(ExtensibilityGlobals) = postSolution
		SolutionGuid = {A26A2CE2-67E0-479A-BC4E-D0A4335F2134}
	EndGlobalSection
EndGlobal
